// !$*UTF8*$!
{
	archiveVersion = 1;
	classes = {
	};
	objectVersion = 56;
	objects = {

/* Begin PBXBuildFile section */
		FDACB0592B9AB57B00F7984E /* ToDoListApp.swift in Sources */ = {isa = PBXBuildFile; fileRef = FDACB0582B9AB57B00F7984E /* ToDoListApp.swift */; };
		FDACB05B2B9AB57B00F7984E /* ContentView.swift in Sources */ = {isa = PBXBuildFile; fileRef = FDACB05A2B9AB57B00F7984E /* ContentView.swift */; };
		FDACB05D2B9AB58200F7984E /* Assets.xcassets in Resources */ = {isa = PBXBuildFile; fileRef = FDACB05C2B9AB58200F7984E /* Assets.xcassets */; };
		FDACB0612B9AB58300F7984E /* Preview Assets.xcassets in Resources */ = {isa = PBXBuildFile; fileRef = FDACB0602B9AB58300F7984E /* Preview Assets.xcassets */; };
		FDACB06B2B9AB58300F7984E /* ToDoListTests.swift in Sources */ = {isa = PBXBuildFile; fileRef = FDACB06A2B9AB58300F7984E /* ToDoListTests.swift */; };
		FDACB0752B9AB58300F7984E /* ToDoListUITests.swift in Sources */ = {isa = PBXBuildFile; fileRef = FDACB0742B9AB58300F7984E /* ToDoListUITests.swift */; };
		FDACB0772B9AB58300F7984E /* ToDoListUITestsLaunchTests.swift in Sources */ = {isa = PBXBuildFile; fileRef = FDACB0762B9AB58300F7984E /* ToDoListUITestsLaunchTests.swift */; };
		FDACB0872B9AB68E00F7984E /* LoginView.swift in Sources */ = {isa = PBXBuildFile; fileRef = FDACB0862B9AB68E00F7984E /* LoginView.swift */; };
		FDACB0892B9AB69800F7984E /* ProfileView.swift in Sources */ = {isa = PBXBuildFile; fileRef = FDACB0882B9AB69800F7984E /* ProfileView.swift */; };
		FDACB08B2B9AB6A900F7984E /* ToDoListItemVIew.swift in Sources */ = {isa = PBXBuildFile; fileRef = FDACB08A2B9AB6A900F7984E /* ToDoListItemVIew.swift */; };
		FDACB08D2B9AB6B900F7984E /* NewItemView.swift in Sources */ = {isa = PBXBuildFile; fileRef = FDACB08C2B9AB6B900F7984E /* NewItemView.swift */; };
		FDACB0912B9AB6ED00F7984E /* RegisterView.swift in Sources */ = {isa = PBXBuildFile; fileRef = FDACB0902B9AB6ED00F7984E /* RegisterView.swift */; };
		FDACB0932B9AB72200F7984E /* User.swift in Sources */ = {isa = PBXBuildFile; fileRef = FDACB0922B9AB72200F7984E /* User.swift */; };
		FDACB0972B9AB74000F7984E /* MainViewModel.swift in Sources */ = {isa = PBXBuildFile; fileRef = FDACB0962B9AB74000F7984E /* MainViewModel.swift */; };
		FDACB0992B9AB74F00F7984E /* LoginViewModel.swift in Sources */ = {isa = PBXBuildFile; fileRef = FDACB0982B9AB74F00F7984E /* LoginViewModel.swift */; };
		FDACB09B2B9AB75C00F7984E /* ToDoListViewModel.swift in Sources */ = {isa = PBXBuildFile; fileRef = FDACB09A2B9AB75C00F7984E /* ToDoListViewModel.swift */; };
		FDACB09D2B9AB76E00F7984E /* ProfileViewModel.swift in Sources */ = {isa = PBXBuildFile; fileRef = FDACB09C2B9AB76E00F7984E /* ProfileViewModel.swift */; };
		FDACB09F2B9AB78100F7984E /* ToDoListItemViewModel.swift in Sources */ = {isa = PBXBuildFile; fileRef = FDACB09E2B9AB78100F7984E /* ToDoListItemViewModel.swift */; };
		FDACB0A12B9AB78E00F7984E /* NewItemViewModel.swift in Sources */ = {isa = PBXBuildFile; fileRef = FDACB0A02B9AB78D00F7984E /* NewItemViewModel.swift */; };
		FDACB0A42B9AB80100F7984E /* ToDoListItem.swift in Sources */ = {isa = PBXBuildFile; fileRef = FDACB0A32B9AB80100F7984E /* ToDoListItem.swift */; };
		FDACB0A62B9AB83900F7984E /* RegisterViewModel.swift in Sources */ = {isa = PBXBuildFile; fileRef = FDACB0A52B9AB83900F7984E /* RegisterViewModel.swift */; };
		FDACB0A82B9AB84E00F7984E /* MainView.swift in Sources */ = {isa = PBXBuildFile; fileRef = FDACB0A72B9AB84E00F7984E /* MainView.swift */; };
		FDACB0AA2B9ABE9E00F7984E /* HeaderView.swift in Sources */ = {isa = PBXBuildFile; fileRef = FDACB0A92B9ABE9E00F7984E /* HeaderView.swift */; };
		FDACB0AC2B9ABF3900F7984E /* TLButton.swift in Sources */ = {isa = PBXBuildFile; fileRef = FDACB0AB2B9ABF3900F7984E /* TLButton.swift */; };
		FDACB0AF2B9AC59D00F7984E /* FirebaseAuth in Frameworks */ = {isa = PBXBuildFile; productRef = FDACB0AE2B9AC59D00F7984E /* FirebaseAuth */; };
		FDACB0B12B9AC59D00F7984E /* FirebaseFirestore in Frameworks */ = {isa = PBXBuildFile; productRef = FDACB0B02B9AC59D00F7984E /* FirebaseFirestore */; };
		FDACB0B32B9AC59D00F7984E /* FirebaseFirestoreSwift in Frameworks */ = {isa = PBXBuildFile; productRef = FDACB0B22B9AC59D00F7984E /* FirebaseFirestoreSwift */; };
		FDACB0B52B9AC7A500F7984E /* GoogleService-Info.plist in Resources */ = {isa = PBXBuildFile; fileRef = FDACB0B42B9AC7A400F7984E /* GoogleService-Info.plist */; };
		FDACB0B72B9ACC1700F7984E /* Extensions.swift in Sources */ = {isa = PBXBuildFile; fileRef = FDACB0B62B9ACC1700F7984E /* Extensions.swift */; };
		FDACB0B92B9AD1E200F7984E /* ToDoListView.swift in Sources */ = {isa = PBXBuildFile; fileRef = FDACB0B82B9AD1E200F7984E /* ToDoListView.swift */; };
/* End PBXBuildFile section */

/* Begin PBXContainerItemProxy section */
		FDACB0672B9AB58300F7984E /* PBXContainerItemProxy */ = {
			isa = PBXContainerItemProxy;
			containerPortal = FDACB04D2B9AB57B00F7984E /* Project object */;
			proxyType = 1;
			remoteGlobalIDString = FDACB0542B9AB57B00F7984E;
			remoteInfo = ToDoList;
		};
		FDACB0712B9AB58300F7984E /* PBXContainerItemProxy */ = {
			isa = PBXContainerItemProxy;
			containerPortal = FDACB04D2B9AB57B00F7984E /* Project object */;
			proxyType = 1;
			remoteGlobalIDString = FDACB0542B9AB57B00F7984E;
			remoteInfo = ToDoList;
		};
/* End PBXContainerItemProxy section */

/* Begin PBXFileReference section */
		FDACB0552B9AB57B00F7984E /* ToDoList.app */ = {isa = PBXFileReference; explicitFileType = wrapper.application; includeInIndex = 0; path = ToDoList.app; sourceTree = BUILT_PRODUCTS_DIR; };
		FDACB0582B9AB57B00F7984E /* ToDoListApp.swift */ = {isa = PBXFileReference; lastKnownFileType = sourcecode.swift; path = ToDoListApp.swift; sourceTree = "<group>"; };
		FDACB05A2B9AB57B00F7984E /* ContentView.swift */ = {isa = PBXFileReference; lastKnownFileType = sourcecode.swift; path = ContentView.swift; sourceTree = "<group>"; };
		FDACB05C2B9AB58200F7984E /* Assets.xcassets */ = {isa = PBXFileReference; lastKnownFileType = folder.assetcatalog; path = Assets.xcassets; sourceTree = "<group>"; };
		FDACB05E2B9AB58300F7984E /* ToDoList.entitlements */ = {isa = PBXFileReference; lastKnownFileType = text.plist.entitlements; path = ToDoList.entitlements; sourceTree = "<group>"; };
		FDACB0602B9AB58300F7984E /* Preview Assets.xcassets */ = {isa = PBXFileReference; lastKnownFileType = folder.assetcatalog; path = "Preview Assets.xcassets"; sourceTree = "<group>"; };
		FDACB0662B9AB58300F7984E /* ToDoListTests.xctest */ = {isa = PBXFileReference; explicitFileType = wrapper.cfbundle; includeInIndex = 0; path = ToDoListTests.xctest; sourceTree = BUILT_PRODUCTS_DIR; };
		FDACB06A2B9AB58300F7984E /* ToDoListTests.swift */ = {isa = PBXFileReference; lastKnownFileType = sourcecode.swift; path = ToDoListTests.swift; sourceTree = "<group>"; };
		FDACB0702B9AB58300F7984E /* ToDoListUITests.xctest */ = {isa = PBXFileReference; explicitFileType = wrapper.cfbundle; includeInIndex = 0; path = ToDoListUITests.xctest; sourceTree = BUILT_PRODUCTS_DIR; };
		FDACB0742B9AB58300F7984E /* ToDoListUITests.swift */ = {isa = PBXFileReference; lastKnownFileType = sourcecode.swift; path = ToDoListUITests.swift; sourceTree = "<group>"; };
		FDACB0762B9AB58300F7984E /* ToDoListUITestsLaunchTests.swift */ = {isa = PBXFileReference; lastKnownFileType = sourcecode.swift; path = ToDoListUITestsLaunchTests.swift; sourceTree = "<group>"; };
		FDACB0862B9AB68E00F7984E /* LoginView.swift */ = {isa = PBXFileReference; lastKnownFileType = sourcecode.swift; path = LoginView.swift; sourceTree = "<group>"; };
		FDACB0882B9AB69800F7984E /* ProfileView.swift */ = {isa = PBXFileReference; lastKnownFileType = sourcecode.swift; path = ProfileView.swift; sourceTree = "<group>"; };
		FDACB08A2B9AB6A900F7984E /* ToDoListItemVIew.swift */ = {isa = PBXFileReference; lastKnownFileType = sourcecode.swift; path = ToDoListItemVIew.swift; sourceTree = "<group>"; };
		FDACB08C2B9AB6B900F7984E /* NewItemView.swift */ = {isa = PBXFileReference; lastKnownFileType = sourcecode.swift; path = NewItemView.swift; sourceTree = "<group>"; };
		FDACB0902B9AB6ED00F7984E /* RegisterView.swift */ = {isa = PBXFileReference; lastKnownFileType = sourcecode.swift; path = RegisterView.swift; sourceTree = "<group>"; };
		FDACB0922B9AB72200F7984E /* User.swift */ = {isa = PBXFileReference; lastKnownFileType = sourcecode.swift; path = User.swift; sourceTree = "<group>"; };
		FDACB0962B9AB74000F7984E /* MainViewModel.swift */ = {isa = PBXFileReference; lastKnownFileType = sourcecode.swift; path = MainViewModel.swift; sourceTree = "<group>"; };
		FDACB0982B9AB74F00F7984E /* LoginViewModel.swift */ = {isa = PBXFileReference; lastKnownFileType = sourcecode.swift; path = LoginViewModel.swift; sourceTree = "<group>"; };
		FDACB09A2B9AB75C00F7984E /* ToDoListViewModel.swift */ = {isa = PBXFileReference; lastKnownFileType = sourcecode.swift; path = ToDoListViewModel.swift; sourceTree = "<group>"; };
		FDACB09C2B9AB76E00F7984E /* ProfileViewModel.swift */ = {isa = PBXFileReference; lastKnownFileType = sourcecode.swift; path = ProfileViewModel.swift; sourceTree = "<group>"; };
		FDACB09E2B9AB78100F7984E /* ToDoListItemViewModel.swift */ = {isa = PBXFileReference; lastKnownFileType = sourcecode.swift; path = ToDoListItemViewModel.swift; sourceTree = "<group>"; };
		FDACB0A02B9AB78D00F7984E /* NewItemViewModel.swift */ = {isa = PBXFileReference; lastKnownFileType = sourcecode.swift; path = NewItemViewModel.swift; sourceTree = "<group>"; };
		FDACB0A32B9AB80100F7984E /* ToDoListItem.swift */ = {isa = PBXFileReference; lastKnownFileType = sourcecode.swift; path = ToDoListItem.swift; sourceTree = "<group>"; };
		FDACB0A52B9AB83900F7984E /* RegisterViewModel.swift */ = {isa = PBXFileReference; lastKnownFileType = sourcecode.swift; path = RegisterViewModel.swift; sourceTree = "<group>"; };
		FDACB0A72B9AB84E00F7984E /* MainView.swift */ = {isa = PBXFileReference; lastKnownFileType = sourcecode.swift; path = MainView.swift; sourceTree = "<group>"; };
		FDACB0A92B9ABE9E00F7984E /* HeaderView.swift */ = {isa = PBXFileReference; lastKnownFileType = sourcecode.swift; path = HeaderView.swift; sourceTree = "<group>"; };
		FDACB0AB2B9ABF3900F7984E /* TLButton.swift */ = {isa = PBXFileReference; lastKnownFileType = sourcecode.swift; path = TLButton.swift; sourceTree = "<group>"; };
		FDACB0B42B9AC7A400F7984E /* GoogleService-Info.plist */ = {isa = PBXFileReference; fileEncoding = 4; lastKnownFileType = text.plist.xml; path = "GoogleService-Info.plist"; sourceTree = "<group>"; };
		FDACB0B62B9ACC1700F7984E /* Extensions.swift */ = {isa = PBXFileReference; lastKnownFileType = sourcecode.swift; path = Extensions.swift; sourceTree = "<group>"; };
		FDACB0B82B9AD1E200F7984E /* ToDoListView.swift */ = {isa = PBXFileReference; lastKnownFileType = sourcecode.swift; path = ToDoListView.swift; sourceTree = "<group>"; };
/* End PBXFileReference section */

/* Begin PBXFrameworksBuildPhase section */
		FDACB0522B9AB57B00F7984E /* Frameworks */ = {
			isa = PBXFrameworksBuildPhase;
			buildActionMask = 2147483647;
			files = (
				FDACB0AF2B9AC59D00F7984E /* FirebaseAuth in Frameworks */,
				FDACB0B12B9AC59D00F7984E /* FirebaseFirestore in Frameworks */,
				FDACB0B32B9AC59D00F7984E /* FirebaseFirestoreSwift in Frameworks */,
			);
			runOnlyForDeploymentPostprocessing = 0;
		};
		FDACB0632B9AB58300F7984E /* Frameworks */ = {
			isa = PBXFrameworksBuildPhase;
			buildActionMask = 2147483647;
			files = (
			);
			runOnlyForDeploymentPostprocessing = 0;
		};
		FDACB06D2B9AB58300F7984E /* Frameworks */ = {
			isa = PBXFrameworksBuildPhase;
			buildActionMask = 2147483647;
			files = (
			);
			runOnlyForDeploymentPostprocessing = 0;
		};
/* End PBXFrameworksBuildPhase section */

/* Begin PBXGroup section */
		FDACB04C2B9AB57B00F7984E = {
			isa = PBXGroup;
			children = (
				FDACB0572B9AB57B00F7984E /* ToDoList */,
				FDACB0692B9AB58300F7984E /* ToDoListTests */,
				FDACB0732B9AB58300F7984E /* ToDoListUITests */,
				FDACB0562B9AB57B00F7984E /* Products */,
			);
			sourceTree = "<group>";
		};
		FDACB0562B9AB57B00F7984E /* Products */ = {
			isa = PBXGroup;
			children = (
				FDACB0552B9AB57B00F7984E /* ToDoList.app */,
				FDACB0662B9AB58300F7984E /* ToDoListTests.xctest */,
				FDACB0702B9AB58300F7984E /* ToDoListUITests.xctest */,
			);
			name = Products;
			sourceTree = "<group>";
		};
		FDACB0572B9AB57B00F7984E /* ToDoList */ = {
			isa = PBXGroup;
			children = (
				FDACB0A22B9AB7D200F7984E /* VIewModels */,
				FDACB0852B9AB66A00F7984E /* VIews */,
				FDACB0842B9AB64000F7984E /* Models */,
				FDACB0832B9AB63800F7984E /* Others */,
				FDACB05E2B9AB58300F7984E /* ToDoList.entitlements */,
				FDACB05F2B9AB58300F7984E /* Preview Content */,
			);
			path = ToDoList;
			sourceTree = "<group>";
		};
		FDACB05F2B9AB58300F7984E /* Preview Content */ = {
			isa = PBXGroup;
			children = (
				FDACB0602B9AB58300F7984E /* Preview Assets.xcassets */,
			);
			path = "Preview Content";
			sourceTree = "<group>";
		};
		FDACB0692B9AB58300F7984E /* ToDoListTests */ = {
			isa = PBXGroup;
			children = (
				FDACB06A2B9AB58300F7984E /* ToDoListTests.swift */,
			);
			path = ToDoListTests;
			sourceTree = "<group>";
		};
		FDACB0732B9AB58300F7984E /* ToDoListUITests */ = {
			isa = PBXGroup;
			children = (
				FDACB0742B9AB58300F7984E /* ToDoListUITests.swift */,
				FDACB0762B9AB58300F7984E /* ToDoListUITestsLaunchTests.swift */,
			);
			path = ToDoListUITests;
			sourceTree = "<group>";
		};
		FDACB0832B9AB63800F7984E /* Others */ = {
			isa = PBXGroup;
			children = (
				FDACB0B42B9AC7A400F7984E /* GoogleService-Info.plist */,
				FDACB05C2B9AB58200F7984E /* Assets.xcassets */,
				FDACB0582B9AB57B00F7984E /* ToDoListApp.swift */,
				FDACB0B62B9ACC1700F7984E /* Extensions.swift */,
			);
			path = Others;
			sourceTree = "<group>";
		};
		FDACB0842B9AB64000F7984E /* Models */ = {
			isa = PBXGroup;
			children = (
				FDACB0922B9AB72200F7984E /* User.swift */,
				FDACB0A32B9AB80100F7984E /* ToDoListItem.swift */,
			);
			path = Models;
			sourceTree = "<group>";
		};
		FDACB0852B9AB66A00F7984E /* VIews */ = {
			isa = PBXGroup;
			children = (
				FDACB05A2B9AB57B00F7984E /* ContentView.swift */,
				FDACB0862B9AB68E00F7984E /* LoginView.swift */,
				FDACB0AB2B9ABF3900F7984E /* TLButton.swift */,
				FDACB0882B9AB69800F7984E /* ProfileView.swift */,
				FDACB08A2B9AB6A900F7984E /* ToDoListItemVIew.swift */,
				FDACB08C2B9AB6B900F7984E /* NewItemView.swift */,
				FDACB0902B9AB6ED00F7984E /* RegisterView.swift */,
				FDACB0A72B9AB84E00F7984E /* MainView.swift */,
				FDACB0A92B9ABE9E00F7984E /* HeaderView.swift */,
				FDACB0B82B9AD1E200F7984E /* ToDoListView.swift */,
			);
			path = VIews;
			sourceTree = "<group>";
		};
		FDACB0A22B9AB7D200F7984E /* VIewModels */ = {
			isa = PBXGroup;
			children = (
				FDACB09A2B9AB75C00F7984E /* ToDoListViewModel.swift */,
				FDACB09C2B9AB76E00F7984E /* ProfileViewModel.swift */,
				FDACB09E2B9AB78100F7984E /* ToDoListItemViewModel.swift */,
				FDACB0A02B9AB78D00F7984E /* NewItemViewModel.swift */,
				FDACB0982B9AB74F00F7984E /* LoginViewModel.swift */,
				FDACB0962B9AB74000F7984E /* MainViewModel.swift */,
				FDACB0A52B9AB83900F7984E /* RegisterViewModel.swift */,
			);
			path = VIewModels;
			sourceTree = "<group>";
		};
/* End PBXGroup section */

/* Begin PBXNativeTarget section */
		FDACB0542B9AB57B00F7984E /* ToDoList */ = {
			isa = PBXNativeTarget;
			buildConfigurationList = FDACB07A2B9AB58300F7984E /* Build configuration list for PBXNativeTarget "ToDoList" */;
			buildPhases = (
				FDACB0512B9AB57B00F7984E /* Sources */,
				FDACB0522B9AB57B00F7984E /* Frameworks */,
				FDACB0532B9AB57B00F7984E /* Resources */,
			);
			buildRules = (
			);
			dependencies = (
			);
			name = ToDoList;
			packageProductDependencies = (
				FDACB0AE2B9AC59D00F7984E /* FirebaseAuth */,
				FDACB0B02B9AC59D00F7984E /* FirebaseFirestore */,
				FDACB0B22B9AC59D00F7984E /* FirebaseFirestoreSwift */,
			);
			productName = ToDoList;
			productReference = FDACB0552B9AB57B00F7984E /* ToDoList.app */;
			productType = "com.apple.product-type.application";
		};
		FDACB0652B9AB58300F7984E /* ToDoListTests */ = {
			isa = PBXNativeTarget;
			buildConfigurationList = FDACB07D2B9AB58300F7984E /* Build configuration list for PBXNativeTarget "ToDoListTests" */;
			buildPhases = (
				FDACB0622B9AB58300F7984E /* Sources */,
				FDACB0632B9AB58300F7984E /* Frameworks */,
				FDACB0642B9AB58300F7984E /* Resources */,
			);
			buildRules = (
			);
			dependencies = (
				FDACB0682B9AB58300F7984E /* PBXTargetDependency */,
			);
			name = ToDoListTests;
			productName = ToDoListTests;
			productReference = FDACB0662B9AB58300F7984E /* ToDoListTests.xctest */;
			productType = "com.apple.product-type.bundle.unit-test";
		};
		FDACB06F2B9AB58300F7984E /* ToDoListUITests */ = {
			isa = PBXNativeTarget;
			buildConfigurationList = FDACB0802B9AB58300F7984E /* Build configuration list for PBXNativeTarget "ToDoListUITests" */;
			buildPhases = (
				FDACB06C2B9AB58300F7984E /* Sources */,
				FDACB06D2B9AB58300F7984E /* Frameworks */,
				FDACB06E2B9AB58300F7984E /* Resources */,
			);
			buildRules = (
			);
			dependencies = (
				FDACB0722B9AB58300F7984E /* PBXTargetDependency */,
			);
			name = ToDoListUITests;
			productName = ToDoListUITests;
			productReference = FDACB0702B9AB58300F7984E /* ToDoListUITests.xctest */;
			productType = "com.apple.product-type.bundle.ui-testing";
		};
/* End PBXNativeTarget section */

/* Begin PBXProject section */
		FDACB04D2B9AB57B00F7984E /* Project object */ = {
			isa = PBXProject;
			attributes = {
				BuildIndependentTargetsInParallel = 1;
				LastSwiftUpdateCheck = 1420;
				LastUpgradeCheck = 1420;
				TargetAttributes = {
					FDACB0542B9AB57B00F7984E = {
						CreatedOnToolsVersion = 14.2;
					};
					FDACB0652B9AB58300F7984E = {
						CreatedOnToolsVersion = 14.2;
						TestTargetID = FDACB0542B9AB57B00F7984E;
					};
					FDACB06F2B9AB58300F7984E = {
						CreatedOnToolsVersion = 14.2;
						TestTargetID = FDACB0542B9AB57B00F7984E;
					};
				};
			};
			buildConfigurationList = FDACB0502B9AB57B00F7984E /* Build configuration list for PBXProject "ToDoList" */;
			compatibilityVersion = "Xcode 14.0";
			developmentRegion = en;
			hasScannedForEncodings = 0;
			knownRegions = (
				en,
				Base,
			);
			mainGroup = FDACB04C2B9AB57B00F7984E;
			packageReferences = (
				FDACB0AD2B9AC59D00F7984E /* XCRemoteSwiftPackageReference "firebase-ios-sdk" */,
			);
			productRefGroup = FDACB0562B9AB57B00F7984E /* Products */;
			projectDirPath = "";
			projectRoot = "";
			targets = (
				FDACB0542B9AB57B00F7984E /* ToDoList */,
				FDACB0652B9AB58300F7984E /* ToDoListTests */,
				FDACB06F2B9AB58300F7984E /* ToDoListUITests */,
			);
		};
/* End PBXProject section */

/* Begin PBXResourcesBuildPhase section */
		FDACB0532B9AB57B00F7984E /* Resources */ = {
			isa = PBXResourcesBuildPhase;
			buildActionMask = 2147483647;
			files = (
				FDACB0612B9AB58300F7984E /* Preview Assets.xcassets in Resources */,
				FDACB05D2B9AB58200F7984E /* Assets.xcassets in Resources */,
				FDACB0B52B9AC7A500F7984E /* GoogleService-Info.plist in Resources */,
			);
			runOnlyForDeploymentPostprocessing = 0;
		};
		FDACB0642B9AB58300F7984E /* Resources */ = {
			isa = PBXResourcesBuildPhase;
			buildActionMask = 2147483647;
			files = (
			);
			runOnlyForDeploymentPostprocessing = 0;
		};
		FDACB06E2B9AB58300F7984E /* Resources */ = {
			isa = PBXResourcesBuildPhase;
			buildActionMask = 2147483647;
			files = (
			);
			runOnlyForDeploymentPostprocessing = 0;
		};
/* End PBXResourcesBuildPhase section */

/* Begin PBXSourcesBuildPhase section */
		FDACB0512B9AB57B00F7984E /* Sources */ = {
			isa = PBXSourcesBuildPhase;
			buildActionMask = 2147483647;
			files = (
				FDACB09B2B9AB75C00F7984E /* ToDoListViewModel.swift in Sources */,
				FDACB0AA2B9ABE9E00F7984E /* HeaderView.swift in Sources */,
				FDACB08D2B9AB6B900F7984E /* NewItemView.swift in Sources */,
				FDACB0A12B9AB78E00F7984E /* NewItemViewModel.swift in Sources */,
				FDACB0A62B9AB83900F7984E /* RegisterViewModel.swift in Sources */,
				FDACB0892B9AB69800F7984E /* ProfileView.swift in Sources */,
				FDACB0B92B9AD1E200F7984E /* ToDoListView.swift in Sources */,
				FDACB0992B9AB74F00F7984E /* LoginViewModel.swift in Sources */,
				FDACB0AC2B9ABF3900F7984E /* TLButton.swift in Sources */,
				FDACB0872B9AB68E00F7984E /* LoginView.swift in Sources */,
				FDACB0912B9AB6ED00F7984E /* RegisterView.swift in Sources */,
				FDACB0932B9AB72200F7984E /* User.swift in Sources */,
				FDACB0A42B9AB80100F7984E /* ToDoListItem.swift in Sources */,
				FDACB0972B9AB74000F7984E /* MainViewModel.swift in Sources */,
				FDACB0A82B9AB84E00F7984E /* MainView.swift in Sources */,
				FDACB08B2B9AB6A900F7984E /* ToDoListItemVIew.swift in Sources */,
				FDACB0B72B9ACC1700F7984E /* Extensions.swift in Sources */,
				FDACB05B2B9AB57B00F7984E /* ContentView.swift in Sources */,
				FDACB09D2B9AB76E00F7984E /* ProfileViewModel.swift in Sources */,
				FDACB0592B9AB57B00F7984E /* ToDoListApp.swift in Sources */,
				FDACB09F2B9AB78100F7984E /* ToDoListItemViewModel.swift in Sources */,
			);
			runOnlyForDeploymentPostprocessing = 0;
		};
		FDACB0622B9AB58300F7984E /* Sources */ = {
			isa = PBXSourcesBuildPhase;
			buildActionMask = 2147483647;
			files = (
				FDACB06B2B9AB58300F7984E /* ToDoListTests.swift in Sources */,
			);
			runOnlyForDeploymentPostprocessing = 0;
		};
		FDACB06C2B9AB58300F7984E /* Sources */ = {
			isa = PBXSourcesBuildPhase;
			buildActionMask = 2147483647;
			files = (
				FDACB0772B9AB58300F7984E /* ToDoListUITestsLaunchTests.swift in Sources */,
				FDACB0752B9AB58300F7984E /* ToDoListUITests.swift in Sources */,
			);
			runOnlyForDeploymentPostprocessing = 0;
		};
/* End PBXSourcesBuildPhase section */

/* Begin PBXTargetDependency section */
		FDACB0682B9AB58300F7984E /* PBXTargetDependency */ = {
			isa = PBXTargetDependency;
			target = FDACB0542B9AB57B00F7984E /* ToDoList */;
			targetProxy = FDACB0672B9AB58300F7984E /* PBXContainerItemProxy */;
		};
		FDACB0722B9AB58300F7984E /* PBXTargetDependency */ = {
			isa = PBXTargetDependency;
			target = FDACB0542B9AB57B00F7984E /* ToDoList */;
			targetProxy = FDACB0712B9AB58300F7984E /* PBXContainerItemProxy */;
		};
/* End PBXTargetDependency section */

/* Begin XCBuildConfiguration section */
		FDACB0782B9AB58300F7984E /* Debug */ = {
			isa = XCBuildConfiguration;
			buildSettings = {
				ALWAYS_SEARCH_USER_PATHS = NO;
				CLANG_ANALYZER_NONNULL = YES;
				CLANG_ANALYZER_NUMBER_OBJECT_CONVERSION = YES_AGGRESSIVE;
				CLANG_CXX_LANGUAGE_STANDARD = "gnu++20";
				CLANG_ENABLE_MODULES = YES;
				CLANG_ENABLE_OBJC_ARC = YES;
				CLANG_ENABLE_OBJC_WEAK = YES;
				CLANG_WARN_BLOCK_CAPTURE_AUTORELEASING = YES;
				CLANG_WARN_BOOL_CONVERSION = YES;
				CLANG_WARN_COMMA = YES;
				CLANG_WARN_CONSTANT_CONVERSION = YES;
				CLANG_WARN_DEPRECATED_OBJC_IMPLEMENTATIONS = YES;
				CLANG_WARN_DIRECT_OBJC_ISA_USAGE = YES_ERROR;
				CLANG_WARN_DOCUMENTATION_COMMENTS = YES;
				CLANG_WARN_EMPTY_BODY = YES;
				CLANG_WARN_ENUM_CONVERSION = YES;
				CLANG_WARN_INFINITE_RECURSION = YES;
				CLANG_WARN_INT_CONVERSION = YES;
				CLANG_WARN_NON_LITERAL_NULL_CONVERSION = YES;
				CLANG_WARN_OBJC_IMPLICIT_RETAIN_SELF = YES;
				CLANG_WARN_OBJC_LITERAL_CONVERSION = YES;
				CLANG_WARN_OBJC_ROOT_CLASS = YES_ERROR;
				CLANG_WARN_QUOTED_INCLUDE_IN_FRAMEWORK_HEADER = YES;
				CLANG_WARN_RANGE_LOOP_ANALYSIS = YES;
				CLANG_WARN_STRICT_PROTOTYPES = YES;
				CLANG_WARN_SUSPICIOUS_MOVE = YES;
				CLANG_WARN_UNGUARDED_AVAILABILITY = YES_AGGRESSIVE;
				CLANG_WARN_UNREACHABLE_CODE = YES;
				CLANG_WARN__DUPLICATE_METHOD_MATCH = YES;
				COPY_PHASE_STRIP = NO;
				DEBUG_INFORMATION_FORMAT = dwarf;
				ENABLE_STRICT_OBJC_MSGSEND = YES;
				ENABLE_TESTABILITY = YES;
				GCC_C_LANGUAGE_STANDARD = gnu11;
				GCC_DYNAMIC_NO_PIC = NO;
				GCC_NO_COMMON_BLOCKS = YES;
				GCC_OPTIMIZATION_LEVEL = 0;
				GCC_PREPROCESSOR_DEFINITIONS = (
					"DEBUG=1",
					"$(inherited)",
				);
				GCC_WARN_64_TO_32_BIT_CONVERSION = YES;
				GCC_WARN_ABOUT_RETURN_TYPE = YES_ERROR;
				GCC_WARN_UNDECLARED_SELECTOR = YES;
				GCC_WARN_UNINITIALIZED_AUTOS = YES_AGGRESSIVE;
				GCC_WARN_UNUSED_FUNCTION = YES;
				GCC_WARN_UNUSED_VARIABLE = YES;
				MTL_ENABLE_DEBUG_INFO = INCLUDE_SOURCE;
				MTL_FAST_MATH = YES;
				ONLY_ACTIVE_ARCH = YES;
				SWIFT_ACTIVE_COMPILATION_CONDITIONS = DEBUG;
				SWIFT_OPTIMIZATION_LEVEL = "-Onone";
			};
			name = Debug;
		};
		FDACB0792B9AB58300F7984E /* Release */ = {
			isa = XCBuildConfiguration;
			buildSettings = {
				ALWAYS_SEARCH_USER_PATHS = NO;
				CLANG_ANALYZER_NONNULL = YES;
				CLANG_ANALYZER_NUMBER_OBJECT_CONVERSION = YES_AGGRESSIVE;
				CLANG_CXX_LANGUAGE_STANDARD = "gnu++20";
				CLANG_ENABLE_MODULES = YES;
				CLANG_ENABLE_OBJC_ARC = YES;
				CLANG_ENABLE_OBJC_WEAK = YES;
				CLANG_WARN_BLOCK_CAPTURE_AUTORELEASING = YES;
				CLANG_WARN_BOOL_CONVERSION = YES;
				CLANG_WARN_COMMA = YES;
				CLANG_WARN_CONSTANT_CONVERSION = YES;
				CLANG_WARN_DEPRECATED_OBJC_IMPLEMENTATIONS = YES;
				CLANG_WARN_DIRECT_OBJC_ISA_USAGE = YES_ERROR;
				CLANG_WARN_DOCUMENTATION_COMMENTS = YES;
				CLANG_WARN_EMPTY_BODY = YES;
				CLANG_WARN_ENUM_CONVERSION = YES;
				CLANG_WARN_INFINITE_RECURSION = YES;
				CLANG_WARN_INT_CONVERSION = YES;
				CLANG_WARN_NON_LITERAL_NULL_CONVERSION = YES;
				CLANG_WARN_OBJC_IMPLICIT_RETAIN_SELF = YES;
				CLANG_WARN_OBJC_LITERAL_CONVERSION = YES;
				CLANG_WARN_OBJC_ROOT_CLASS = YES_ERROR;
				CLANG_WARN_QUOTED_INCLUDE_IN_FRAMEWORK_HEADER = YES;
				CLANG_WARN_RANGE_LOOP_ANALYSIS = YES;
				CLANG_WARN_STRICT_PROTOTYPES = YES;
				CLANG_WARN_SUSPICIOUS_MOVE = YES;
				CLANG_WARN_UNGUARDED_AVAILABILITY = YES_AGGRESSIVE;
				CLANG_WARN_UNREACHABLE_CODE = YES;
				CLANG_WARN__DUPLICATE_METHOD_MATCH = YES;
				COPY_PHASE_STRIP = NO;
				DEBUG_INFORMATION_FORMAT = "dwarf-with-dsym";
				ENABLE_NS_ASSERTIONS = NO;
				ENABLE_STRICT_OBJC_MSGSEND = YES;
				GCC_C_LANGUAGE_STANDARD = gnu11;
				GCC_NO_COMMON_BLOCKS = YES;
				GCC_WARN_64_TO_32_BIT_CONVERSION = YES;
				GCC_WARN_ABOUT_RETURN_TYPE = YES_ERROR;
				GCC_WARN_UNDECLARED_SELECTOR = YES;
				GCC_WARN_UNINITIALIZED_AUTOS = YES_AGGRESSIVE;
				GCC_WARN_UNUSED_FUNCTION = YES;
				GCC_WARN_UNUSED_VARIABLE = YES;
				MTL_ENABLE_DEBUG_INFO = NO;
				MTL_FAST_MATH = YES;
				SWIFT_COMPILATION_MODE = wholemodule;
				SWIFT_OPTIMIZATION_LEVEL = "-O";
			};
			name = Release;
		};
		FDACB07B2B9AB58300F7984E /* Debug */ = {
			isa = XCBuildConfiguration;
			buildSettings = {
				ASSETCATALOG_COMPILER_APPICON_NAME = AppIcon;
				ASSETCATALOG_COMPILER_GLOBAL_ACCENT_COLOR_NAME = AccentColor;
				CODE_SIGN_ENTITLEMENTS = ToDoList/ToDoList.entitlements;
				CODE_SIGN_STYLE = Automatic;
				CURRENT_PROJECT_VERSION = 1;
				DEVELOPMENT_ASSET_PATHS = "\"ToDoList/Preview Content\"";
				DEVELOPMENT_TEAM = L4443B994J;
				ENABLE_HARDENED_RUNTIME = YES;
				ENABLE_PREVIEWS = YES;
				GENERATE_INFOPLIST_FILE = YES;
				"INFOPLIST_KEY_UIApplicationSceneManifest_Generation[sdk=iphoneos*]" = YES;
				"INFOPLIST_KEY_UIApplicationSceneManifest_Generation[sdk=iphonesimulator*]" = YES;
				"INFOPLIST_KEY_UIApplicationSupportsIndirectInputEvents[sdk=iphoneos*]" = YES;
				"INFOPLIST_KEY_UIApplicationSupportsIndirectInputEvents[sdk=iphonesimulator*]" = YES;
				"INFOPLIST_KEY_UILaunchScreen_Generation[sdk=iphoneos*]" = YES;
				"INFOPLIST_KEY_UILaunchScreen_Generation[sdk=iphonesimulator*]" = YES;
				"INFOPLIST_KEY_UIStatusBarStyle[sdk=iphoneos*]" = UIStatusBarStyleDefault;
				"INFOPLIST_KEY_UIStatusBarStyle[sdk=iphonesimulator*]" = UIStatusBarStyleDefault;
				INFOPLIST_KEY_UISupportedInterfaceOrientations_iPad = "UIInterfaceOrientationPortrait UIInterfaceOrientationPortraitUpsideDown UIInterfaceOrientationLandscapeLeft UIInterfaceOrientationLandscapeRight";
				INFOPLIST_KEY_UISupportedInterfaceOrientations_iPhone = "UIInterfaceOrientationPortrait UIInterfaceOrientationLandscapeLeft UIInterfaceOrientationLandscapeRight";
				IPHONEOS_DEPLOYMENT_TARGET = 16.2;
				LD_RUNPATH_SEARCH_PATHS = "@executable_path/Frameworks";
				"LD_RUNPATH_SEARCH_PATHS[sdk=macosx*]" = "@executable_path/../Frameworks";
				MACOSX_DEPLOYMENT_TARGET = 12.5;
				MARKETING_VERSION = 1.0;
				PRODUCT_BUNDLE_IDENTIFIER = tu.cn436.ToDoList.ToDoList;
				PRODUCT_NAME = "$(TARGET_NAME)";
				SDKROOT = auto;
				SUPPORTED_PLATFORMS = "iphoneos iphonesimulator macosx";
				SWIFT_EMIT_LOC_STRINGS = YES;
				SWIFT_VERSION = 5.0;
				TARGETED_DEVICE_FAMILY = "1,2";
			};
			name = Debug;
		};
		FDACB07C2B9AB58300F7984E /* Release */ = {
			isa = XCBuildConfiguration;
			buildSettings = {
				ASSETCATALOG_COMPILER_APPICON_NAME = AppIcon;
				ASSETCATALOG_COMPILER_GLOBAL_ACCENT_COLOR_NAME = AccentColor;
				CODE_SIGN_ENTITLEMENTS = ToDoList/ToDoList.entitlements;
				CODE_SIGN_STYLE = Automatic;
				CURRENT_PROJECT_VERSION = 1;
				DEVELOPMENT_ASSET_PATHS = "\"ToDoList/Preview Content\"";
				DEVELOPMENT_TEAM = L4443B994J;
				ENABLE_HARDENED_RUNTIME = YES;
				ENABLE_PREVIEWS = YES;
				GENERATE_INFOPLIST_FILE = YES;
				"INFOPLIST_KEY_UIApplicationSceneManifest_Generation[sdk=iphoneos*]" = YES;
				"INFOPLIST_KEY_UIApplicationSceneManifest_Generation[sdk=iphonesimulator*]" = YES;
				"INFOPLIST_KEY_UIApplicationSupportsIndirectInputEvents[sdk=iphoneos*]" = YES;
				"INFOPLIST_KEY_UIApplicationSupportsIndirectInputEvents[sdk=iphonesimulator*]" = YES;
				"INFOPLIST_KEY_UILaunchScreen_Generation[sdk=iphoneos*]" = YES;
				"INFOPLIST_KEY_UILaunchScreen_Generation[sdk=iphonesimulator*]" = YES;
				"INFOPLIST_KEY_UIStatusBarStyle[sdk=iphoneos*]" = UIStatusBarStyleDefault;
				"INFOPLIST_KEY_UIStatusBarStyle[sdk=iphonesimulator*]" = UIStatusBarStyleDefault;
				INFOPLIST_KEY_UISupportedInterfaceOrientations_iPad = "UIInterfaceOrientationPortrait UIInterfaceOrientationPortraitUpsideDown UIInterfaceOrientationLandscapeLeft UIInterfaceOrientationLandscapeRight";
				INFOPLIST_KEY_UISupportedInterfaceOrientations_iPhone = "UIInterfaceOrientationPortrait UIInterfaceOrientationLandscapeLeft UIInterfaceOrientationLandscapeRight";
				IPHONEOS_DEPLOYMENT_TARGET = 16.2;
				LD_RUNPATH_SEARCH_PATHS = "@executable_path/Frameworks";
				"LD_RUNPATH_SEARCH_PATHS[sdk=macosx*]" = "@executable_path/../Frameworks";
				MACOSX_DEPLOYMENT_TARGET = 12.5;
				MARKETING_VERSION = 1.0;
				PRODUCT_BUNDLE_IDENTIFIER = tu.cn436.ToDoList.ToDoList;
				PRODUCT_NAME = "$(TARGET_NAME)";
				SDKROOT = auto;
				SUPPORTED_PLATFORMS = "iphoneos iphonesimulator macosx";
				SWIFT_EMIT_LOC_STRINGS = YES;
				SWIFT_VERSION = 5.0;
				TARGETED_DEVICE_FAMILY = "1,2";
			};
			name = Release;
		};
		FDACB07E2B9AB58300F7984E /* Debug */ = {
			isa = XCBuildConfiguration;
			buildSettings = {
				ALWAYS_EMBED_SWIFT_STANDARD_LIBRARIES = YES;
				BUNDLE_LOADER = "$(TEST_HOST)";
				CODE_SIGN_STYLE = Automatic;
				CURRENT_PROJECT_VERSION = 1;
				DEVELOPMENT_TEAM = L4443B994J;
				GENERATE_INFOPLIST_FILE = YES;
				IPHONEOS_DEPLOYMENT_TARGET = 16.2;
				MACOSX_DEPLOYMENT_TARGET = 12.5;
				MARKETING_VERSION = 1.0;
				PRODUCT_BUNDLE_IDENTIFIER = tu.cn436.ToDoList.ToDoListTests;
				PRODUCT_NAME = "$(TARGET_NAME)";
				SDKROOT = auto;
				SUPPORTED_PLATFORMS = "iphoneos iphonesimulator macosx";
				SWIFT_EMIT_LOC_STRINGS = NO;
				SWIFT_VERSION = 5.0;
				TARGETED_DEVICE_FAMILY = "1,2";
				TEST_HOST = "$(BUILT_PRODUCTS_DIR)/ToDoList.app/$(BUNDLE_EXECUTABLE_FOLDER_PATH)/ToDoList";
			};
			name = Debug;
		};
		FDACB07F2B9AB58300F7984E /* Release */ = {
			isa = XCBuildConfiguration;
			buildSettings = {
				ALWAYS_EMBED_SWIFT_STANDARD_LIBRARIES = YES;
				BUNDLE_LOADER = "$(TEST_HOST)";
				CODE_SIGN_STYLE = Automatic;
				CURRENT_PROJECT_VERSION = 1;
				DEVELOPMENT_TEAM = L4443B994J;
				GENERATE_INFOPLIST_FILE = YES;
				IPHONEOS_DEPLOYMENT_TARGET = 16.2;
				MACOSX_DEPLOYMENT_TARGET = 12.5;
				MARKETING_VERSION = 1.0;
				PRODUCT_BUNDLE_IDENTIFIER = tu.cn436.ToDoList.ToDoListTests;
				PRODUCT_NAME = "$(TARGET_NAME)";
				SDKROOT = auto;
				SUPPORTED_PLATFORMS = "iphoneos iphonesimulator macosx";
				SWIFT_EMIT_LOC_STRINGS = NO;
				SWIFT_VERSION = 5.0;
				TARGETED_DEVICE_FAMILY = "1,2";
				TEST_HOST = "$(BUILT_PRODUCTS_DIR)/ToDoList.app/$(BUNDLE_EXECUTABLE_FOLDER_PATH)/ToDoList";
			};
			name = Release;
		};
		FDACB0812B9AB58300F7984E /* Debug */ = {
			isa = XCBuildConfiguration;
			buildSettings = {
				ALWAYS_EMBED_SWIFT_STANDARD_LIBRARIES = YES;
				CODE_SIGN_STYLE = Automatic;
				CURRENT_PROJECT_VERSION = 1;
				DEVELOPMENT_TEAM = L4443B994J;
				GENERATE_INFOPLIST_FILE = YES;
				IPHONEOS_DEPLOYMENT_TARGET = 16.2;
				MACOSX_DEPLOYMENT_TARGET = 12.5;
				MARKETING_VERSION = 1.0;
				PRODUCT_BUNDLE_IDENTIFIER = tu.cn436.ToDoList.ToDoListUITests;
				PRODUCT_NAME = "$(TARGET_NAME)";
				SDKROOT = auto;
				SUPPORTED_PLATFORMS = "iphoneos iphonesimulator macosx";
				SWIFT_EMIT_LOC_STRINGS = NO;
				SWIFT_VERSION = 5.0;
				TARGETED_DEVICE_FAMILY = "1,2";
				TEST_TARGET_NAME = ToDoList;
			};
			name = Debug;
		};
		FDACB0822B9AB58300F7984E /* Release */ = {
			isa = XCBuildConfiguration;
			buildSettings = {
				ALWAYS_EMBED_SWIFT_STANDARD_LIBRARIES = YES;
				CODE_SIGN_STYLE = Automatic;
				CURRENT_PROJECT_VERSION = 1;
				DEVELOPMENT_TEAM = L4443B994J;
				GENERATE_INFOPLIST_FILE = YES;
				IPHONEOS_DEPLOYMENT_TARGET = 16.2;
				MACOSX_DEPLOYMENT_TARGET = 12.5;
				MARKETING_VERSION = 1.0;
				PRODUCT_BUNDLE_IDENTIFIER = tu.cn436.ToDoList.ToDoListUITests;
				PRODUCT_NAME = "$(TARGET_NAME)";
				SDKROOT = auto;
				SUPPORTED_PLATFORMS = "iphoneos iphonesimulator macosx";
				SWIFT_EMIT_LOC_STRINGS = NO;
				SWIFT_VERSION = 5.0;
				TARGETED_DEVICE_FAMILY = "1,2";
				TEST_TARGET_NAME = ToDoList;
			};
			name = Release;
		};
/* End XCBuildConfiguration section */

/* Begin XCConfigurationList section */
		FDACB0502B9AB57B00F7984E /* Build configuration list for PBXProject "ToDoList" */ = {
			isa = XCConfigurationList;
			buildConfigurations = (
				FDACB0782B9AB58300F7984E /* Debug */,
				FDACB0792B9AB58300F7984E /* Release */,
			);
			defaultConfigurationIsVisible = 0;
			defaultConfigurationName = Release;
		};
		FDACB07A2B9AB58300F7984E /* Build configuration list for PBXNativeTarget "ToDoList" */ = {
			isa = XCConfigurationList;
			buildConfigurations = (
				FDACB07B2B9AB58300F7984E /* Debug */,
				FDACB07C2B9AB58300F7984E /* Release */,
			);
			defaultConfigurationIsVisible = 0;
			defaultConfigurationName = Release;
		};
		FDACB07D2B9AB58300F7984E /* Build configuration list for PBXNativeTarget "ToDoListTests" */ = {
			isa = XCConfigurationList;
			buildConfigurations = (
				FDACB07E2B9AB58300F7984E /* Debug */,
				FDACB07F2B9AB58300F7984E /* Release */,
			);
			defaultConfigurationIsVisible = 0;
			defaultConfigurationName = Release;
		};
		FDACB0802B9AB58300F7984E /* Build configuration list for PBXNativeTarget "ToDoListUITests" */ = {
			isa = XCConfigurationList;
			buildConfigurations = (
				FDACB0812B9AB58300F7984E /* Debug */,
				FDACB0822B9AB58300F7984E /* Release */,
			);
			defaultConfigurationIsVisible = 0;
			defaultConfigurationName = Release;
		};
/* End XCConfigurationList section */

/* Begin XCRemoteSwiftPackageReference section */
		FDACB0AD2B9AC59D00F7984E /* XCRemoteSwiftPackageReference "firebase-ios-sdk" */ = {
			isa = XCRemoteSwiftPackageReference;
			repositoryURL = "https://github.com/firebase/firebase-ios-sdk";
			requirement = {
				kind = upToNextMajorVersion;
				minimumVersion = 9.0.0;
			};
		};
/* End XCRemoteSwiftPackageReference section */

/* Begin XCSwiftPackageProductDependency section */
		FDACB0AE2B9AC59D00F7984E /* FirebaseAuth */ = {
			isa = XCSwiftPackageProductDependency;
			package = FDACB0AD2B9AC59D00F7984E /* XCRemoteSwiftPackageReference "firebase-ios-sdk" */;
			productName = FirebaseAuth;
		};
		FDACB0B02B9AC59D00F7984E /* FirebaseFirestore */ = {
			isa = XCSwiftPackageProductDependency;
			package = FDACB0AD2B9AC59D00F7984E /* XCRemoteSwiftPackageReference "firebase-ios-sdk" */;
			productName = FirebaseFirestore;
		};
		FDACB0B22B9AC59D00F7984E /* FirebaseFirestoreSwift */ = {
			isa = XCSwiftPackageProductDependency;
			package = FDACB0AD2B9AC59D00F7984E /* XCRemoteSwiftPackageReference "firebase-ios-sdk" */;
			productName = FirebaseFirestoreSwift;
		};
/* End XCSwiftPackageProductDependency section */
	};
	rootObject = FDACB04D2B9AB57B00F7984E /* Project object */;
}
